%{"cowboy": {:hex, :cowboy, "1.0.0"},
  "cowlib": {:hex, :cowlib, "1.0.0"},
  "hackney": {:hex, :hackney, "0.14.3"},
  "httpoison": {:git, "git://github.com/edgurgel/httpoison.git", "f5f310c77525f7da2ae814f615349984b4d86406", []},
  "idna": {:hex, :idna, "1.0.1"},
  "json": {:hex, :json, "0.3.2"},
  "linguist": {:hex, :linguist, "0.1.4"},
  "phoenix": {:hex, :phoenix, "0.6.0"},
  "plug": {:hex, :plug, "0.8.2"},
  "poison": {:hex, :poison, "1.2.0"},
  "ranch": {:hex, :ranch, "1.0.0"}}
